
Microsoft Visual Studio Solution File, Format Version 12.00
# Visual Studio Version 16
VisualStudioVersion = 16.0.31129.286
MinimumVisualStudioVersion = 10.0.40219.1
Project("{FAE04EC0-301F-11D3-BF4B-00C04F79EFBC}") = "Vista", "Vista\Vista.csproj", "{36BBF6B2-D6F9-4D29-9265-71A2ED44B21B}"
EndProject
Project("{FAE04EC0-301F-11D3-BF4B-00C04F79EFBC}") = "Helper", "Helper\Helper.csproj", "{D1D7848F-F997-431A-8FA0-8B04A3C868C6}"
EndProject
Global
	GlobalSection(SolutionConfigurationPlatforms) = preSolution
		Debug|Any CPU = Debug|Any CPU
		Release|Any CPU = Release|Any CPU
	EndGlobalSection
	GlobalSection(ProjectConfigurationPlatforms) = postSolution
		{36BBF6B2-D6F9-4D29-9265-71A2ED44B21B}.Debug|Any CPU.ActiveCfg = Debug|Any CPU
		{36BBF6B2-D6F9-4D29-9265-71A2ED44B21B}.Debug|Any CPU.Build.0 = Debug|Any CPU
		{36BBF6B2-D6F9-4D29-9265-71A2ED44B21B}.Release|Any CPU.ActiveCfg = Release|Any CPU
		{36BBF6B2-D6F9-4D29-9265-71A2ED44B21B}.Release|Any CPU.Build.0 = Release|Any CPU
		{D1D7848F-F997-431A-8FA0-8B04A3C868C6}.Debug|Any CPU.ActiveCfg = Debug|Any CPU
		{D1D7848F-F997-431A-8FA0-8B04A3C868C6}.Debug|Any CPU.Build.0 = Debug|Any CPU
		{D1D7848F-F997-431A-8FA0-8B04A3C868C6}.Release|Any CPU.ActiveCfg = Release|Any CPU
		{D1D7848F-F997-431A-8FA0-8B04A3C868C6}.Release|Any CPU.Build.0 = Release|Any CPU
	EndGlobalSection
	GlobalSection(SolutionProperties) = preSolution
		HideSolutionNode = FALSE
	EndGlobalSection
	GlobalSection(ExtensibilityGlobals) = postSolution
		SolutionGuid = {463A1275-598A-4FD3-8D45-5A80EA49D695}
	EndGlobalSection
EndGlobal
